
Microsoft Visual Studio Solution File, Format Version 12.00
# Visual Studio Version 17
VisualStudioVersion = 17.5.33414.496
MinimumVisualStudioVersion = 10.0.40219.1
Project("{FAE04EC0-301F-11D3-BF4B-00C04F79EFBC}") = "FullStack.API", "FullStack.API\FullStack.API.csproj", "{17023224-D939-4FA7-BE5A-A31B879D67FB}"
EndProject
Global
	GlobalSection(SolutionConfigurationPlatforms) = preSolution
		Debug|Any CPU = Debug|Any CPU
		Release|Any CPU = Release|Any CPU
	EndGlobalSection
	GlobalSection(ProjectConfigurationPlatforms) = postSolution
		{17023224-D939-4FA7-BE5A-A31B879D67FB}.Debug|Any CPU.ActiveCfg = Debug|Any CPU
		{17023224-D939-4FA7-BE5A-A31B879D67FB}.Debug|Any CPU.Build.0 = Debug|Any CPU
		{17023224-D939-4FA7-BE5A-A31B879D67FB}.Release|Any CPU.ActiveCfg = Release|Any CPU
		{17023224-D939-4FA7-BE5A-A31B879D67FB}.Release|Any CPU.Build.0 = Release|Any CPU
	EndGlobalSection
	GlobalSection(SolutionProperties) = preSolution
		HideSolutionNode = FALSE
	EndGlobalSection
	GlobalSection(ExtensibilityGlobals) = postSolution
		SolutionGuid = {22627D14-CC84-4462-896C-F19B12232C31}
	EndGlobalSection
EndGlobal
